// !$*UTF8*$!
{
	archiveVersion = 1;
	classes = {
	};
	objectVersion = 56;
	objects = {

/* Begin PBXBuildFile section */
		D391975E29F21BF4004C89D6 /* testing_buttons_newApp.swift in Sources */ = {isa = PBXBuildFile; fileRef = D391975D29F21BF4004C89D6 /* testing_buttons_newApp.swift */; };
		D391976029F21BF4004C89D6 /* ContentView.swift in Sources */ = {isa = PBXBuildFile; fileRef = D391975F29F21BF4004C89D6 /* ContentView.swift */; };
		D391976229F21BF8004C89D6 /* Assets.xcassets in Resources */ = {isa = PBXBuildFile; fileRef = D391976129F21BF8004C89D6 /* Assets.xcassets */; };
		D391976529F21BF8004C89D6 /* Preview Assets.xcassets in Resources */ = {isa = PBXBuildFile; fileRef = D391976429F21BF8004C89D6 /* Preview Assets.xcassets */; };
		D391976F29F21BF8004C89D6 /* testing_buttons_newTests.swift in Sources */ = {isa = PBXBuildFile; fileRef = D391976E29F21BF8004C89D6 /* testing_buttons_newTests.swift */; };
		D391977929F21BF8004C89D6 /* testing_buttons_newUITests.swift in Sources */ = {isa = PBXBuildFile; fileRef = D391977829F21BF8004C89D6 /* testing_buttons_newUITests.swift */; };
		D391977B29F21BF8004C89D6 /* testing_buttons_newUITestsLaunchTests.swift in Sources */ = {isa = PBXBuildFile; fileRef = D391977A29F21BF8004C89D6 /* testing_buttons_newUITestsLaunchTests.swift */; };
/* End PBXBuildFile section */

/* Begin PBXContainerItemProxy section */
		D391976B29F21BF8004C89D6 /* PBXContainerItemProxy */ = {
			isa = PBXContainerItemProxy;
			containerPortal = D391975229F21BF4004C89D6 /* Project object */;
			proxyType = 1;
			remoteGlobalIDString = D391975929F21BF4004C89D6;
			remoteInfo = "testing buttons new";
		};
		D391977529F21BF8004C89D6 /* PBXContainerItemProxy */ = {
			isa = PBXContainerItemProxy;
			containerPortal = D391975229F21BF4004C89D6 /* Project object */;
			proxyType = 1;
			remoteGlobalIDString = D391975929F21BF4004C89D6;
			remoteInfo = "testing buttons new";
		};
/* End PBXContainerItemProxy section */

/* Begin PBXFileReference section */
		D391975A29F21BF4004C89D6 /* testing buttons new.app */ = {isa = PBXFileReference; explicitFileType = wrapper.application; includeInIndex = 0; path = "testing buttons new.app"; sourceTree = BUILT_PRODUCTS_DIR; };
		D391975D29F21BF4004C89D6 /* testing_buttons_newApp.swift */ = {isa = PBXFileReference; lastKnownFileType = sourcecode.swift; path = testing_buttons_newApp.swift; sourceTree = "<group>"; };
		D391975F29F21BF4004C89D6 /* ContentView.swift */ = {isa = PBXFileReference; lastKnownFileType = sourcecode.swift; path = ContentView.swift; sourceTree = "<group>"; };
		D391976129F21BF8004C89D6 /* Assets.xcassets */ = {isa = PBXFileReference; lastKnownFileType = folder.assetcatalog; path = Assets.xcassets; sourceTree = "<group>"; };
		D391976429F21BF8004C89D6 /* Preview Assets.xcassets */ = {isa = PBXFileReference; lastKnownFileType = folder.assetcatalog; path = "Preview Assets.xcassets"; sourceTree = "<group>"; };
		D391976A29F21BF8004C89D6 /* testing buttons newTests.xctest */ = {isa = PBXFileReference; explicitFileType = wrapper.cfbundle; includeInIndex = 0; path = "testing buttons newTests.xctest"; sourceTree = BUILT_PRODUCTS_DIR; };
		D391976E29F21BF8004C89D6 /* testing_buttons_newTests.swift */ = {isa = PBXFileReference; lastKnownFileType = sourcecode.swift; path = testing_buttons_newTests.swift; sourceTree = "<group>"; };
		D391977429F21BF8004C89D6 /* testing buttons newUITests.xctest */ = {isa = PBXFileReference; explicitFileType = wrapper.cfbundle; includeInIndex = 0; path = "testing buttons newUITests.xctest"; sourceTree = BUILT_PRODUCTS_DIR; };
		D391977829F21BF8004C89D6 /* testing_buttons_newUITests.swift */ = {isa = PBXFileReference; lastKnownFileType = sourcecode.swift; path = testing_buttons_newUITests.swift; sourceTree = "<group>"; };
		D391977A29F21BF8004C89D6 /* testing_buttons_newUITestsLaunchTests.swift */ = {isa = PBXFileReference; lastKnownFileType = sourcecode.swift; path = testing_buttons_newUITestsLaunchTests.swift; sourceTree = "<group>"; };
/* End PBXFileReference section */

/* Begin PBXFrameworksBuildPhase section */
		D391975729F21BF4004C89D6 /* Frameworks */ = {
			isa = PBXFrameworksBuildPhase;
			buildActionMask = 2147483647;
			files = (
			);
			runOnlyForDeploymentPostprocessing = 0;
		};
		D391976729F21BF8004C89D6 /* Frameworks */ = {
			isa = PBXFrameworksBuildPhase;
			buildActionMask = 2147483647;
			files = (
			);
			runOnlyForDeploymentPostprocessing = 0;
		};
		D391977129F21BF8004C89D6 /* Frameworks */ = {
			isa = PBXFrameworksBuildPhase;
			buildActionMask = 2147483647;
			files = (
			);
			runOnlyForDeploymentPostprocessing = 0;
		};
/* End PBXFrameworksBuildPhase section */

/* Begin PBXGroup section */
		D391975129F21BF4004C89D6 = {
			isa = PBXGroup;
			children = (
				D391975C29F21BF4004C89D6 /* testing buttons new */,
				D391976D29F21BF8004C89D6 /* testing buttons newTests */,
				D391977729F21BF8004C89D6 /* testing buttons newUITests */,
				D391975B29F21BF4004C89D6 /* Products */,
			);
			sourceTree = "<group>";
		};
		D391975B29F21BF4004C89D6 /* Products */ = {
			isa = PBXGroup;
			children = (
				D391975A29F21BF4004C89D6 /* testing buttons new.app */,
				D391976A29F21BF8004C89D6 /* testing buttons newTests.xctest */,
				D391977429F21BF8004C89D6 /* testing buttons newUITests.xctest */,
			);
			name = Products;
			sourceTree = "<group>";
		};
		D391975C29F21BF4004C89D6 /* testing buttons new */ = {
			isa = PBXGroup;
			children = (
				D391975D29F21BF4004C89D6 /* testing_buttons_newApp.swift */,
				D391975F29F21BF4004C89D6 /* ContentView.swift */,
				D391976129F21BF8004C89D6 /* Assets.xcassets */,
				D391976329F21BF8004C89D6 /* Preview Content */,
			);
			path = "testing buttons new";
			sourceTree = "<group>";
		};
		D391976329F21BF8004C89D6 /* Preview Content */ = {
			isa = PBXGroup;
			children = (
				D391976429F21BF8004C89D6 /* Preview Assets.xcassets */,
			);
			path = "Preview Content";
			sourceTree = "<group>";
		};
		D391976D29F21BF8004C89D6 /* testing buttons newTests */ = {
			isa = PBXGroup;
			children = (
				D391976E29F21BF8004C89D6 /* testing_buttons_newTests.swift */,
			);
			path = "testing buttons newTests";
			sourceTree = "<group>";
		};
		D391977729F21BF8004C89D6 /* testing buttons newUITests */ = {
			isa = PBXGroup;
			children = (
				D391977829F21BF8004C89D6 /* testing_buttons_newUITests.swift */,
				D391977A29F21BF8004C89D6 /* testing_buttons_newUITestsLaunchTests.swift */,
			);
			path = "testing buttons newUITests";
			sourceTree = "<group>";
		};
/* End PBXGroup section */

/* Begin PBXNativeTarget section */
		D391975929F21BF4004C89D6 /* testing buttons new */ = {
			isa = PBXNativeTarget;
			buildConfigurationList = D391977E29F21BF8004C89D6 /* Build configuration list for PBXNativeTarget "testing buttons new" */;
			buildPhases = (
				D391975629F21BF4004C89D6 /* Sources */,
				D391975729F21BF4004C89D6 /* Frameworks */,
				D391975829F21BF4004C89D6 /* Resources */,
			);
			buildRules = (
			);
			dependencies = (
			);
			name = "testing buttons new";
			productName = "testing buttons new";
			productReference = D391975A29F21BF4004C89D6 /* testing buttons new.app */;
			productType = "com.apple.product-type.application";
		};
		D391976929F21BF8004C89D6 /* testing buttons newTests */ = {
			isa = PBXNativeTarget;
			buildConfigurationList = D391978129F21BF8004C89D6 /* Build configuration list for PBXNativeTarget "testing buttons newTests" */;
			buildPhases = (
				D391976629F21BF8004C89D6 /* Sources */,
				D391976729F21BF8004C89D6 /* Frameworks */,
				D391976829F21BF8004C89D6 /* Resources */,
			);
			buildRules = (
			);
			dependencies = (
				D391976C29F21BF8004C89D6 /* PBXTargetDependency */,
			);
			name = "testing buttons newTests";
			productName = "testing buttons newTests";
			productReference = D391976A29F21BF8004C89D6 /* testing buttons newTests.xctest */;
			productType = "com.apple.product-type.bundle.unit-test";
		};
		D391977329F21BF8004C89D6 /* testing buttons newUITests */ = {
			isa = PBXNativeTarget;
			buildConfigurationList = D391978429F21BF8004C89D6 /* Build configuration list for PBXNativeTarget "testing buttons newUITests" */;
			buildPhases = (
				D391977029F21BF8004C89D6 /* Sources */,
				D391977129F21BF8004C89D6 /* Frameworks */,
				D391977229F21BF8004C89D6 /* Resources */,
			);
			buildRules = (
			);
			dependencies = (
				D391977629F21BF8004C89D6 /* PBXTargetDependency */,
			);
			name = "testing buttons newUITests";
			productName = "testing buttons newUITests";
			productReference = D391977429F21BF8004C89D6 /* testing buttons newUITests.xctest */;
			productType = "com.apple.product-type.bundle.ui-testing";
		};
/* End PBXNativeTarget section */

/* Begin PBXProject section */
		D391975229F21BF4004C89D6 /* Project object */ = {
			isa = PBXProject;
			attributes = {
				BuildIndependentTargetsInParallel = 1;
				LastSwiftUpdateCheck = 1430;
				LastUpgradeCheck = 1430;
				TargetAttributes = {
					D391975929F21BF4004C89D6 = {
						CreatedOnToolsVersion = 14.3;
					};
					D391976929F21BF8004C89D6 = {
						CreatedOnToolsVersion = 14.3;
						TestTargetID = D391975929F21BF4004C89D6;
					};
					D391977329F21BF8004C89D6 = {
						CreatedOnToolsVersion = 14.3;
						TestTargetID = D391975929F21BF4004C89D6;
					};
				};
			};
			buildConfigurationList = D391975529F21BF4004C89D6 /* Build configuration list for PBXProject "testing buttons new" */;
			compatibilityVersion = "Xcode 14.0";
			developmentRegion = en;
			hasScannedForEncodings = 0;
			knownRegions = (
				en,
				Base,
			);
			mainGroup = D391975129F21BF4004C89D6;
			productRefGroup = D391975B29F21BF4004C89D6 /* Products */;
			projectDirPath = "";
			projectRoot = "";
			targets = (
				D391975929F21BF4004C89D6 /* testing buttons new */,
				D391976929F21BF8004C89D6 /* testing buttons newTests */,
				D391977329F21BF8004C89D6 /* testing buttons newUITests */,
			);
		};
/* End PBXProject section */

/* Begin PBXResourcesBuildPhase section */
		D391975829F21BF4004C89D6 /* Resources */ = {
			isa = PBXResourcesBuildPhase;
			buildActionMask = 2147483647;
			files = (
				D391976529F21BF8004C89D6 /* Preview Assets.xcassets in Resources */,
				D391976229F21BF8004C89D6 /* Assets.xcassets in Resources */,
			);
			runOnlyForDeploymentPostprocessing = 0;
		};
		D391976829F21BF8004C89D6 /* Resources */ = {
			isa = PBXResourcesBuildPhase;
			buildActionMask = 2147483647;
			files = (
			);
			runOnlyForDeploymentPostprocessing = 0;
		};
		D391977229F21BF8004C89D6 /* Resources */ = {
			isa = PBXResourcesBuildPhase;
			buildActionMask = 2147483647;
			files = (
			);
			runOnlyForDeploymentPostprocessing = 0;
		};
/* End PBXResourcesBuildPhase section */

/* Begin PBXSourcesBuildPhase section */
		D391975629F21BF4004C89D6 /* Sources */ = {
			isa = PBXSourcesBuildPhase;
			buildActionMask = 2147483647;
			files = (
				D391976029F21BF4004C89D6 /* ContentView.swift in Sources */,
				D391975E29F21BF4004C89D6 /* testing_buttons_newApp.swift in Sources */,
			);
			runOnlyForDeploymentPostprocessing = 0;
		};
		D391976629F21BF8004C89D6 /* Sources */ = {
			isa = PBXSourcesBuildPhase;
			buildActionMask = 2147483647;
			files = (
				D391976F29F21BF8004C89D6 /* testing_buttons_newTests.swift in Sources */,
			);
			runOnlyForDeploymentPostprocessing = 0;
		};
		D391977029F21BF8004C89D6 /* Sources */ = {
			isa = PBXSourcesBuildPhase;
			buildActionMask = 2147483647;
			files = (
				D391977B29F21BF8004C89D6 /* testing_buttons_newUITestsLaunchTests.swift in Sources */,
				D391977929F21BF8004C89D6 /* testing_buttons_newUITests.swift in Sources */,
			);
			runOnlyForDeploymentPostprocessing = 0;
		};
/* End PBXSourcesBuildPhase section */

/* Begin PBXTargetDependency section */
		D391976C29F21BF8004C89D6 /* PBXTargetDependency */ = {
			isa = PBXTargetDependency;
			target = D391975929F21BF4004C89D6 /* testing buttons new */;
			targetProxy = D391976B29F21BF8004C89D6 /* PBXContainerItemProxy */;
		};
		D391977629F21BF8004C89D6 /* PBXTargetDependency */ = {
			isa = PBXTargetDependency;
			target = D391975929F21BF4004C89D6 /* testing buttons new */;
			targetProxy = D391977529F21BF8004C89D6 /* PBXContainerItemProxy */;
		};
/* End PBXTargetDependency section */

/* Begin XCBuildConfiguration section */
		D391977C29F21BF8004C89D6 /* Debug */ = {
			isa = XCBuildConfiguration;
			buildSettings = {
				ALWAYS_SEARCH_USER_PATHS = NO;
				CLANG_ANALYZER_NONNULL = YES;
				CLANG_ANALYZER_NUMBER_OBJECT_CONVERSION = YES_AGGRESSIVE;
				CLANG_CXX_LANGUAGE_STANDARD = "gnu++20";
				CLANG_ENABLE_MODULES = YES;
				CLANG_ENABLE_OBJC_ARC = YES;
				CLANG_ENABLE_OBJC_WEAK = YES;
				CLANG_WARN_BLOCK_CAPTURE_AUTORELEASING = YES;
				CLANG_WARN_BOOL_CONVERSION = YES;
				CLANG_WARN_COMMA = YES;
				CLANG_WARN_CONSTANT_CONVERSION = YES;
				CLANG_WARN_DEPRECATED_OBJC_IMPLEMENTATIONS = YES;
				CLANG_WARN_DIRECT_OBJC_ISA_USAGE = YES_ERROR;
				CLANG_WARN_DOCUMENTATION_COMMENTS = YES;
				CLANG_WARN_EMPTY_BODY = YES;
				CLANG_WARN_ENUM_CONVERSION = YES;
				CLANG_WARN_INFINITE_RECURSION = YES;
				CLANG_WARN_INT_CONVERSION = YES;
				CLANG_WARN_NON_LITERAL_NULL_CONVERSION = YES;
				CLANG_WARN_OBJC_IMPLICIT_RETAIN_SELF = YES;
				CLANG_WARN_OBJC_LITERAL_CONVERSION = YES;
				CLANG_WARN_OBJC_ROOT_CLASS = YES_ERROR;
				CLANG_WARN_QUOTED_INCLUDE_IN_FRAMEWORK_HEADER = YES;
				CLANG_WARN_RANGE_LOOP_ANALYSIS = YES;
				CLANG_WARN_STRICT_PROTOTYPES = YES;
				CLANG_WARN_SUSPICIOUS_MOVE = YES;
				CLANG_WARN_UNGUARDED_AVAILABILITY = YES_AGGRESSIVE;
				CLANG_WARN_UNREACHABLE_CODE = YES;
				CLANG_WARN__DUPLICATE_METHOD_MATCH = YES;
				COPY_PHASE_STRIP = NO;
				DEBUG_INFORMATION_FORMAT = dwarf;
				ENABLE_STRICT_OBJC_MSGSEND = YES;
				ENABLE_TESTABILITY = YES;
				GCC_C_LANGUAGE_STANDARD = gnu11;
				GCC_DYNAMIC_NO_PIC = NO;
				GCC_NO_COMMON_BLOCKS = YES;
				GCC_OPTIMIZATION_LEVEL = 0;
				GCC_PREPROCESSOR_DEFINITIONS = (
					"DEBUG=1",
					"$(inherited)",
				);
				GCC_WARN_64_TO_32_BIT_CONVERSION = YES;
				GCC_WARN_ABOUT_RETURN_TYPE = YES_ERROR;
				GCC_WARN_UNDECLARED_SELECTOR = YES;
				GCC_WARN_UNINITIALIZED_AUTOS = YES_AGGRESSIVE;
				GCC_WARN_UNUSED_FUNCTION = YES;
				GCC_WARN_UNUSED_VARIABLE = YES;
				IPHONEOS_DEPLOYMENT_TARGET = 16.4;
				MTL_ENABLE_DEBUG_INFO = INCLUDE_SOURCE;
				MTL_FAST_MATH = YES;
				ONLY_ACTIVE_ARCH = YES;
				SDKROOT = iphoneos;
				SWIFT_ACTIVE_COMPILATION_CONDITIONS = DEBUG;
				SWIFT_OPTIMIZATION_LEVEL = "-Onone";
			};
			name = Debug;
		};
		D391977D29F21BF8004C89D6 /* Release */ = {
			isa = XCBuildConfiguration;
			buildSettings = {
				ALWAYS_SEARCH_USER_PATHS = NO;
				CLANG_ANALYZER_NONNULL = YES;
				CLANG_ANALYZER_NUMBER_OBJECT_CONVERSION = YES_AGGRESSIVE;
				CLANG_CXX_LANGUAGE_STANDARD = "gnu++20";
				CLANG_ENABLE_MODULES = YES;
				CLANG_ENABLE_OBJC_ARC = YES;
				CLANG_ENABLE_OBJC_WEAK = YES;
				CLANG_WARN_BLOCK_CAPTURE_AUTORELEASING = YES;
				CLANG_WARN_BOOL_CONVERSION = YES;
				CLANG_WARN_COMMA = YES;
				CLANG_WARN_CONSTANT_CONVERSION = YES;
				CLANG_WARN_DEPRECATED_OBJC_IMPLEMENTATIONS = YES;
				CLANG_WARN_DIRECT_OBJC_ISA_USAGE = YES_ERROR;
				CLANG_WARN_DOCUMENTATION_COMMENTS = YES;
				CLANG_WARN_EMPTY_BODY = YES;
				CLANG_WARN_ENUM_CONVERSION = YES;
				CLANG_WARN_INFINITE_RECURSION = YES;
				CLANG_WARN_INT_CONVERSION = YES;
				CLANG_WARN_NON_LITERAL_NULL_CONVERSION = YES;
				CLANG_WARN_OBJC_IMPLICIT_RETAIN_SELF = YES;
				CLANG_WARN_OBJC_LITERAL_CONVERSION = YES;
				CLANG_WARN_OBJC_ROOT_CLASS = YES_ERROR;
				CLANG_WARN_QUOTED_INCLUDE_IN_FRAMEWORK_HEADER = YES;
				CLANG_WARN_RANGE_LOOP_ANALYSIS = YES;
				CLANG_WARN_STRICT_PROTOTYPES = YES;
				CLANG_WARN_SUSPICIOUS_MOVE = YES;
				CLANG_WARN_UNGUARDED_AVAILABILITY = YES_AGGRESSIVE;
				CLANG_WARN_UNREACHABLE_CODE = YES;
				CLANG_WARN__DUPLICATE_METHOD_MATCH = YES;
				COPY_PHASE_STRIP = NO;
				DEBUG_INFORMATION_FORMAT = "dwarf-with-dsym";
				ENABLE_NS_ASSERTIONS = NO;
				ENABLE_STRICT_OBJC_MSGSEND = YES;
				GCC_C_LANGUAGE_STANDARD = gnu11;
				GCC_NO_COMMON_BLOCKS = YES;
				GCC_WARN_64_TO_32_BIT_CONVERSION = YES;
				GCC_WARN_ABOUT_RETURN_TYPE = YES_ERROR;
				GCC_WARN_UNDECLARED_SELECTOR = YES;
				GCC_WARN_UNINITIALIZED_AUTOS = YES_AGGRESSIVE;
				GCC_WARN_UNUSED_FUNCTION = YES;
				GCC_WARN_UNUSED_VARIABLE = YES;
				IPHONEOS_DEPLOYMENT_TARGET = 16.4;
				MTL_ENABLE_DEBUG_INFO = NO;
				MTL_FAST_MATH = YES;
				SDKROOT = iphoneos;
				SWIFT_COMPILATION_MODE = wholemodule;
				SWIFT_OPTIMIZATION_LEVEL = "-O";
				VALIDATE_PRODUCT = YES;
			};
			name = Release;
		};
		D391977F29F21BF8004C89D6 /* Debug */ = {
			isa = XCBuildConfiguration;
			buildSettings = {
				ASSETCATALOG_COMPILER_APPICON_NAME = AppIcon;
				ASSETCATALOG_COMPILER_GLOBAL_ACCENT_COLOR_NAME = AccentColor;
				CODE_SIGN_STYLE = Automatic;
				CURRENT_PROJECT_VERSION = 1;
				DEVELOPMENT_ASSET_PATHS = "\"testing buttons new/Preview Content\"";
				DEVELOPMENT_TEAM = T2T586D2P7;
				ENABLE_PREVIEWS = YES;
				GENERATE_INFOPLIST_FILE = YES;
				INFOPLIST_KEY_UIApplicationSceneManifest_Generation = YES;
				INFOPLIST_KEY_UIApplicationSupportsIndirectInputEvents = YES;
				INFOPLIST_KEY_UILaunchScreen_Generation = YES;
				INFOPLIST_KEY_UISupportedInterfaceOrientations_iPad = "UIInterfaceOrientationPortrait UIInterfaceOrientationPortraitUpsideDown UIInterfaceOrientationLandscapeLeft UIInterfaceOrientationLandscapeRight";
				INFOPLIST_KEY_UISupportedInterfaceOrientations_iPhone = "UIInterfaceOrientationPortrait UIInterfaceOrientationLandscapeLeft UIInterfaceOrientationLandscapeRight";
				LD_RUNPATH_SEARCH_PATHS = (
					"$(inherited)",
					"@executable_path/Frameworks",
				);
				MARKETING_VERSION = 1.0;
				PRODUCT_BUNDLE_IDENTIFIER = "blah.testing-buttons-new";
				PRODUCT_NAME = "$(TARGET_NAME)";
				SWIFT_EMIT_LOC_STRINGS = YES;
				SWIFT_VERSION = 5.0;
				TARGETED_DEVICE_FAMILY = "1,2";
			};
			name = Debug;
		};
		D391978029F21BF8004C89D6 /* Release */ = {
			isa = XCBuildConfiguration;
			buildSettings = {
				ASSETCATALOG_COMPILER_APPICON_NAME = AppIcon;
				ASSETCATALOG_COMPILER_GLOBAL_ACCENT_COLOR_NAME = AccentColor;
				CODE_SIGN_STYLE = Automatic;
				CURRENT_PROJECT_VERSION = 1;
				DEVELOPMENT_ASSET_PATHS = "\"testing buttons new/Preview Content\"";
				DEVELOPMENT_TEAM = T2T586D2P7;
				ENABLE_PREVIEWS = YES;
				GENERATE_INFOPLIST_FILE = YES;
				INFOPLIST_KEY_UIApplicationSceneManifest_Generation = YES;
				INFOPLIST_KEY_UIApplicationSupportsIndirectInputEvents = YES;
				INFOPLIST_KEY_UILaunchScreen_Generation = YES;
				INFOPLIST_KEY_UISupportedInterfaceOrientations_iPad = "UIInterfaceOrientationPortrait UIInterfaceOrientationPortraitUpsideDown UIInterfaceOrientationLandscapeLeft UIInterfaceOrientationLandscapeRight";
				INFOPLIST_KEY_UISupportedInterfaceOrientations_iPhone = "UIInterfaceOrientationPortrait UIInterfaceOrientationLandscapeLeft UIInterfaceOrientationLandscapeRight";
				LD_RUNPATH_SEARCH_PATHS = (
					"$(inherited)",
					"@executable_path/Frameworks",
				);
				MARKETING_VERSION = 1.0;
				PRODUCT_BUNDLE_IDENTIFIER = "blah.testing-buttons-new";
				PRODUCT_NAME = "$(TARGET_NAME)";
				SWIFT_EMIT_LOC_STRINGS = YES;
				SWIFT_VERSION = 5.0;
				TARGETED_DEVICE_FAMILY = "1,2";
			};
			name = Release;
		};
		D391978229F21BF8004C89D6 /* Debug */ = {
			isa = XCBuildConfiguration;
			buildSettings = {
				ALWAYS_EMBED_SWIFT_STANDARD_LIBRARIES = YES;
				BUNDLE_LOADER = "$(TEST_HOST)";
				CODE_SIGN_STYLE = Automatic;
				CURRENT_PROJECT_VERSION = 1;
				DEVELOPMENT_TEAM = T2T586D2P7;
				GENERATE_INFOPLIST_FILE = YES;
				IPHONEOS_DEPLOYMENT_TARGET = 16.4;
				MARKETING_VERSION = 1.0;
				PRODUCT_BUNDLE_IDENTIFIER = "blah.testing-buttons-newTests";
				PRODUCT_NAME = "$(TARGET_NAME)";
				SWIFT_EMIT_LOC_STRINGS = NO;
				SWIFT_VERSION = 5.0;
				TARGETED_DEVICE_FAMILY = "1,2";
				TEST_HOST = "$(BUILT_PRODUCTS_DIR)/testing buttons new.app/$(BUNDLE_EXECUTABLE_FOLDER_PATH)/testing buttons new";
			};
			name = Debug;
		};
		D391978329F21BF8004C89D6 /* Release */ = {
			isa = XCBuildConfiguration;
			buildSettings = {
				ALWAYS_EMBED_SWIFT_STANDARD_LIBRARIES = YES;
				BUNDLE_LOADER = "$(TEST_HOST)";
				CODE_SIGN_STYLE = Automatic;
				CURRENT_PROJECT_VERSION = 1;
				DEVELOPMENT_TEAM = T2T586D2P7;
				GENERATE_INFOPLIST_FILE = YES;
				IPHONEOS_DEPLOYMENT_TARGET = 16.4;
				MARKETING_VERSION = 1.0;
				PRODUCT_BUNDLE_IDENTIFIER = "blah.testing-buttons-newTests";
				PRODUCT_NAME = "$(TARGET_NAME)";
				SWIFT_EMIT_LOC_STRINGS = NO;
				SWIFT_VERSION = 5.0;
				TARGETED_DEVICE_FAMILY = "1,2";
				TEST_HOST = "$(BUILT_PRODUCTS_DIR)/testing buttons new.app/$(BUNDLE_EXECUTABLE_FOLDER_PATH)/testing buttons new";
			};
			name = Release;
		};
		D391978529F21BF8004C89D6 /* Debug */ = {
			isa = XCBuildConfiguration;
			buildSettings = {
				ALWAYS_EMBED_SWIFT_STANDARD_LIBRARIES = YES;
				CODE_SIGN_STYLE = Automatic;
				CURRENT_PROJECT_VERSION = 1;
				DEVELOPMENT_TEAM = T2T586D2P7;
				GENERATE_INFOPLIST_FILE = YES;
				MARKETING_VERSION = 1.0;
				PRODUCT_BUNDLE_IDENTIFIER = "blah.testing-buttons-newUITests";
				PRODUCT_NAME = "$(TARGET_NAME)";
				SWIFT_EMIT_LOC_STRINGS = NO;
				SWIFT_VERSION = 5.0;
				TARGETED_DEVICE_FAMILY = "1,2";
				TEST_TARGET_NAME = "testing buttons new";
			};
			name = Debug;
		};
		D391978629F21BF8004C89D6 /* Release */ = {
			isa = XCBuildConfiguration;
			buildSettings = {
				ALWAYS_EMBED_SWIFT_STANDARD_LIBRARIES = YES;
				CODE_SIGN_STYLE = Automatic;
				CURRENT_PROJECT_VERSION = 1;
				DEVELOPMENT_TEAM = T2T586D2P7;
				GENERATE_INFOPLIST_FILE = YES;
				MARKETING_VERSION = 1.0;
				PRODUCT_BUNDLE_IDENTIFIER = "blah.testing-buttons-newUITests";
				PRODUCT_NAME = "$(TARGET_NAME)";
				SWIFT_EMIT_LOC_STRINGS = NO;
				SWIFT_VERSION = 5.0;
				TARGETED_DEVICE_FAMILY = "1,2";
				TEST_TARGET_NAME = "testing buttons new";
			};
			name = Release;
		};
/* End XCBuildConfiguration section */

/* Begin XCConfigurationList section */
		D391975529F21BF4004C89D6 /* Build configuration list for PBXProject "testing buttons new" */ = {
			isa = XCConfigurationList;
			buildConfigurations = (
				D391977C29F21BF8004C89D6 /* Debug */,
				D391977D29F21BF8004C89D6 /* Release */,
			);
			defaultConfigurationIsVisible = 0;
			defaultConfigurationName = Release;
		};
		D391977E29F21BF8004C89D6 /* Build configuration list for PBXNativeTarget "testing buttons new" */ = {
			isa = XCConfigurationList;
			buildConfigurations = (
				D391977F29F21BF8004C89D6 /* Debug */,
				D391978029F21BF8004C89D6 /* Release */,
			);
			defaultConfigurationIsVisible = 0;
			defaultConfigurationName = Release;
		};
		D391978129F21BF8004C89D6 /* Build configuration list for PBXNativeTarget "testing buttons newTests" */ = {
			isa = XCConfigurationList;
			buildConfigurations = (
				D391978229F21BF8004C89D6 /* Debug */,
				D391978329F21BF8004C89D6 /* Release */,
			);
			defaultConfigurationIsVisible = 0;
			defaultConfigurationName = Release;
		};
		D391978429F21BF8004C89D6 /* Build configuration list for PBXNativeTarget "testing buttons newUITests" */ = {
			isa = XCConfigurationList;
			buildConfigurations = (
				D391978529F21BF8004C89D6 /* Debug */,
				D391978629F21BF8004C89D6 /* Release */,
			);
			defaultConfigurationIsVisible = 0;
			defaultConfigurationName = Release;
		};
/* End XCConfigurationList section */
	};
	rootObject = D391975229F21BF4004C89D6 /* Project object */;
}
